
Microsoft Visual Studio Solution File, Format Version 12.00
# Visual Studio Version 17
VisualStudioVersion = 17.8.34330.188
MinimumVisualStudioVersion = 10.0.40219.1
Project("{FAE04EC0-301F-11D3-BF4B-00C04F79EFBC}") = "sortin22", "sortin22\sortin22.csproj", "{3F519538-CEBA-4861-983E-DF16E0A7BE27}"
EndProject
Global
	GlobalSection(SolutionConfigurationPlatforms) = preSolution
		Debug|Any CPU = Debug|Any CPU
		Release|Any CPU = Release|Any CPU
	EndGlobalSection
	GlobalSection(ProjectConfigurationPlatforms) = postSolution
		{3F519538-CEBA-4861-983E-DF16E0A7BE27}.Debug|Any CPU.ActiveCfg = Debug|Any CPU
		{3F519538-CEBA-4861-983E-DF16E0A7BE27}.Debug|Any CPU.Build.0 = Debug|Any CPU
		{3F519538-CEBA-4861-983E-DF16E0A7BE27}.Release|Any CPU.ActiveCfg = Release|Any CPU
		{3F519538-CEBA-4861-983E-DF16E0A7BE27}.Release|Any CPU.Build.0 = Release|Any CPU
	EndGlobalSection
	GlobalSection(SolutionProperties) = preSolution
		HideSolutionNode = FALSE
	EndGlobalSection
	GlobalSection(ExtensibilityGlobals) = postSolution
		SolutionGuid = {D042BB4F-EC0A-4366-8CA0-338B8B636AEE}
	EndGlobalSection
EndGlobal
